{
	"name": "arave",
	"version": "0.0.4",
	"lockfileVersion": 2,
	"requires": true,
	"packages": {
		"": {
			"name": "arave",
			"version": "0.0.4",
			"hasInstallScript": true,
			"license": "MIT",
			"dependencies": {
				"@vscode/textbuffer": "^1.0.0"
			},
			"bin": {
				"arave": "build/arave.js"
			}
		},
		"node_modules/@vscode/textbuffer": {
			"version": "1.0.0",
			"resolved": "https://registry.npmjs.org/@vscode/textbuffer/-/textbuffer-1.0.0.tgz",
			"integrity": "sha512-Te07uORpGOrABp5QVVLmInlixubLMxPwbHfhwga687/MR2lYetIg4Ug8kEz5rShKBfq9m3qgxYlCZF8/MCgm1Q=="
		}
	},
	"dependencies": {
		"@vscode/textbuffer": {
			"version": "1.0.0",
			"resolved": "https://registry.npmjs.org/@vscode/textbuffer/-/textbuffer-1.0.0.tgz",
			"integrity": "sha512-Te07uORpGOrABp5QVVLmInlixubLMxPwbHfhwga687/MR2lYetIg4Ug8kEz5rShKBfq9m3qgxYlCZF8/MCgm1Q=="
		}
	}
}
